
Microsoft Visual Studio Solution File, Format Version 12.00
# Visual Studio Version 17
VisualStudioVersion = 17.5.002.0
MinimumVisualStudioVersion = 10.0.40219.1
Project("{9A19103F-16F7-4668-BE54-9A1E7A4F7556}") = "TodoApi", "TodoApi.csproj", "{8FDC7727-49FF-4A6D-A090-85BB1BEE20CA}"
EndProject
Global
	GlobalSection(SolutionConfigurationPlatforms) = preSolution
		Debug|Any CPU = Debug|Any CPU
		Release|Any CPU = Release|Any CPU
	EndGlobalSection
	GlobalSection(ProjectConfigurationPlatforms) = postSolution
		{8FDC7727-49FF-4A6D-A090-85BB1BEE20CA}.Debug|Any CPU.ActiveCfg = Debug|Any CPU
		{8FDC7727-49FF-4A6D-A090-85BB1BEE20CA}.Debug|Any CPU.Build.0 = Debug|Any CPU
		{8FDC7727-49FF-4A6D-A090-85BB1BEE20CA}.Release|Any CPU.ActiveCfg = Release|Any CPU
		{8FDC7727-49FF-4A6D-A090-85BB1BEE20CA}.Release|Any CPU.Build.0 = Release|Any CPU
	EndGlobalSection
	GlobalSection(SolutionProperties) = preSolution
		HideSolutionNode = FALSE
	EndGlobalSection
	GlobalSection(ExtensibilityGlobals) = postSolution
		SolutionGuid = {5A301D94-87D4-43EF-94E8-5F76DC46B8D8}
	EndGlobalSection
EndGlobal
